
Microsoft Visual Studio Solution File, Format Version 12.00
# Visual Studio 15
VisualStudioVersion = 15.0.28307.421
MinimumVisualStudioVersion = 10.0.40219.1
Project("{FAE04EC0-301F-11D3-BF4B-00C04F79EFBC}") = "SMSNotification", "Kedica\SMSNotification.csproj", "{022E7B5B-81CB-44EC-AD9C-B18A0CC87B3B}"
EndProject
Global
	GlobalSection(SolutionConfigurationPlatforms) = preSolution
		Debug|Any CPU = Debug|Any CPU
		Release|Any CPU = Release|Any CPU
	EndGlobalSection
	GlobalSection(ProjectConfigurationPlatforms) = postSolution
		{022E7B5B-81CB-44EC-AD9C-B18A0CC87B3B}.Debug|Any CPU.ActiveCfg = Debug|Any CPU
		{022E7B5B-81CB-44EC-AD9C-B18A0CC87B3B}.Debug|Any CPU.Build.0 = Debug|Any CPU
		{022E7B5B-81CB-44EC-AD9C-B18A0CC87B3B}.Release|Any CPU.ActiveCfg = Release|Any CPU
		{022E7B5B-81CB-44EC-AD9C-B18A0CC87B3B}.Release|Any CPU.Build.0 = Release|Any CPU
	EndGlobalSection
	GlobalSection(SolutionProperties) = preSolution
		HideSolutionNode = FALSE
	EndGlobalSection
	GlobalSection(ExtensibilityGlobals) = postSolution
		SolutionGuid = {6B515000-CC90-4AD7-B537-A2C6E41CFF72}
	EndGlobalSection
EndGlobal
